%{
  "bandit": {:hex, :bandit, "0.7.3", "de2ca12258c0b8ee42fea47b97ef64747b8076429ba2f6761748ea6db5bd4fce", [:mix], [{:hpax, "~> 0.1.1", [hex: :hpax, repo: "hexpm", optional: false]}, {:plug, "~> 1.14", [hex: :plug, repo: "hexpm", optional: false]}, {:telemetry, "~> 0.4 or ~> 1.0", [hex: :telemetry, repo: "hexpm", optional: false]}, {:thousand_island, "~> 0.6.4", [hex: :thousand_island, repo: "hexpm", optional: false]}, {:websock, "~> 0.5", [hex: :websock, repo: "hexpm", optional: false]}], "hexpm", "c97b358866d2e038d844256fe4bf0765cdbea48758c0eb10309336e262a55329"},
  "castore": {:hex, :castore, "0.1.22", "4127549e411bedd012ca3a308dede574f43819fe9394254ca55ab4895abfa1a2", [:mix], [], "hexpm", "c17576df47eb5aa1ee40cc4134316a99f5cad3e215d5c77b8dd3cfef12a22cac"},
  "cc_precompiler": {:hex, :cc_precompiler, "0.1.7", "77de20ac77f0e53f20ca82c563520af0237c301a1ec3ab3bc598e8a96c7ee5d9", [:mix], [{:elixir_make, "~> 0.7.3", [hex: :elixir_make, repo: "hexpm", optional: false]}], "hexpm", "2768b28bf3c2b4f788c995576b39b8cb5d47eb788526d93bd52206c1d8bf4b75"},
  "connection": {:hex, :connection, "1.1.0", "ff2a49c4b75b6fb3e674bfc5536451607270aac754ffd1bdfe175abe4a6d7a68", [:mix], [], "hexpm", "722c1eb0a418fbe91ba7bd59a47e28008a189d47e37e0e7bb85585a016b2869c"},
  "db_connection": {:hex, :db_connection, "2.4.3", "3b9aac9f27347ec65b271847e6baeb4443d8474289bd18c1d6f4de655b70c94d", [:mix], [{:connection, "~> 1.0", [hex: :connection, repo: "hexpm", optional: false]}, {:telemetry, "~> 0.4 or ~> 1.0", [hex: :telemetry, repo: "hexpm", optional: false]}], "hexpm", "c127c15b0fa6cfb32eed07465e05da6c815b032508d4ed7c116122871df73c12"},
  "decimal": {:hex, :decimal, "2.0.0", "a78296e617b0f5dd4c6caf57c714431347912ffb1d0842e998e9792b5642d697", [:mix], [], "hexpm", "34666e9c55dea81013e77d9d87370fe6cb6291d1ef32f46a1600230b1d44f577"},
  "ecto": {:hex, :ecto, "3.9.5", "9f0aa7ae44a1577b651c98791c6988cd1b69b21bc724e3fd67090b97f7604263", [:mix], [{:decimal, "~> 1.6 or ~> 2.0", [hex: :decimal, repo: "hexpm", optional: false]}, {:jason, "~> 1.0", [hex: :jason, repo: "hexpm", optional: true]}, {:telemetry, "~> 0.4 or ~> 1.0", [hex: :telemetry, repo: "hexpm", optional: false]}], "hexpm", "d4f3115d8cbacdc0bfa4b742865459fb1371d0715515842a1fb17fe31920b74c"},
  "ecto_sql": {:hex, :ecto_sql, "3.9.2", "34227501abe92dba10d9c3495ab6770e75e79b836d114c41108a4bf2ce200ad5", [:mix], [{:db_connection, "~> 2.4.1 or ~> 2.5", [hex: :db_connection, repo: "hexpm", optional: false]}, {:ecto, "~> 3.9.2", [hex: :ecto, repo: "hexpm", optional: false]}, {:myxql, "~> 0.6.0", [hex: :myxql, repo: "hexpm", optional: true]}, {:postgrex, "~> 0.16.0 or ~> 1.0", [hex: :postgrex, repo: "hexpm", optional: true]}, {:tds, "~> 2.1.1 or ~> 2.2", [hex: :tds, repo: "hexpm", optional: true]}, {:telemetry, "~> 0.4.0 or ~> 1.0", [hex: :telemetry, repo: "hexpm", optional: false]}], "hexpm", "1eb5eeb4358fdbcd42eac11c1fbd87e3affd7904e639d77903c1358b2abd3f70"},
  "ecto_sqlite3": {:hex, :ecto_sqlite3, "0.9.1", "6cb740afcb0af882cf9dfbac7ff8db863600d3bb24454c840d506e05b1508d6e", [:mix], [{:decimal, "~> 1.6 or ~> 2.0", [hex: :decimal, repo: "hexpm", optional: false]}, {:ecto, "~> 3.9", [hex: :ecto, repo: "hexpm", optional: false]}, {:ecto_sql, "~> 3.9", [hex: :ecto_sql, repo: "hexpm", optional: false]}, {:exqlite, "~> 0.9", [hex: :exqlite, repo: "hexpm", optional: false]}], "hexpm", "cc7664d9210c232370e67e89331056cf0a35e74862cd57e893e7035eacbd4afc"},
  "elixir_make": {:hex, :elixir_make, "0.7.6", "67716309dc5d43e16b5abbd00c01b8df6a0c2ab54a8f595468035a50189f9169", [:mix], [{:castore, "~> 0.1 or ~> 1.0", [hex: :castore, repo: "hexpm", optional: true]}], "hexpm", "5a0569756b0f7873a77687800c164cca6dfc03a09418e6fcf853d78991f49940"},
  "erlexec": {:hex, :erlexec, "2.0.2", "995e40477de94c37ec1264cc3e52eb6273938e80c9bcc4f94110a3f1c0d9aba3", [:rebar3], [], "hexpm", "cc829a7c6c23d399832da2e998ea5ebc552232a6fe3eb1edb400178ec8287dcb"},
  "exqlite": {:hex, :exqlite, "0.13.9", "cc78a4f23e895f1e38fb7d0c1dca750f8659c7538e4ec78445e5f1d1b1555f55", [:make, :mix], [{:cc_precompiler, "~> 0.1", [hex: :cc_precompiler, repo: "hexpm", optional: false]}, {:db_connection, "~> 2.1", [hex: :db_connection, repo: "hexpm", optional: false]}, {:elixir_make, "~> 0.7", [hex: :elixir_make, repo: "hexpm", optional: false]}, {:table, "~> 0.1.0", [hex: :table, repo: "hexpm", optional: true]}], "hexpm", "aabbe192570876643c02ea038e068dba4074b4aa183d92bca2c702e96e4c1f55"},
  "hpax": {:hex, :hpax, "0.1.2", "09a75600d9d8bbd064cdd741f21fc06fc1f4cf3d0fcc335e5aa19be1a7235c84", [:mix], [], "hexpm", "2c87843d5a23f5f16748ebe77969880e29809580efdaccd615cd3bed628a8c13"},
  "jason": {:hex, :jason, "1.4.0", "e855647bc964a44e2f67df589ccf49105ae039d4179db7f6271dfd3843dc27e6", [:mix], [{:decimal, "~> 1.0 or ~> 2.0", [hex: :decimal, repo: "hexpm", optional: true]}], "hexpm", "79a3791085b2a0f743ca04cec0f7be26443738779d09302e01318f97bdb82121"},
  "litestream": {:hex, :litestream, "0.3.0", "4b04554e2af246ae2492b88da6df889f22ea07cfa7cdf8c0c7067bfb7246c237", [:mix], [{:castore, "~> 0.1.15", [hex: :castore, repo: "hexpm", optional: false]}, {:erlexec, "~> 2.0", [hex: :erlexec, repo: "hexpm", optional: false]}], "hexpm", "ae4b5b9e058b8b0bb984ce66b786ab751f462f0c20d68cebe0ff2a3de9e20cd9"},
  "mime": {:hex, :mime, "2.0.3", "3676436d3d1f7b81b5a2d2bd8405f412c677558c81b1c92be58c00562bb59095", [:mix], [], "hexpm", "27a30bf0db44d25eecba73755acf4068cbfe26a4372f9eb3e4ea3a45956bff6b"},
  "plug": {:hex, :plug, "1.14.1", "3148623796853ae96c628960b833bf6b6a894d6bdc8c199ef7160c41149b71f2", [:mix], [{:mime, "~> 1.0 or ~> 2.0", [hex: :mime, repo: "hexpm", optional: false]}, {:plug_crypto, "~> 1.1.1 or ~> 1.2", [hex: :plug_crypto, repo: "hexpm", optional: false]}, {:telemetry, "~> 0.4.3 or ~> 1.0", [hex: :telemetry, repo: "hexpm", optional: false]}], "hexpm", "a0e789be21a576b11ec55a0983e4e8f7c7b07d88dfb3b8da9e97767132271d40"},
  "plug_crypto": {:hex, :plug_crypto, "1.2.5", "918772575e48e81e455818229bf719d4ab4181fcbf7f85b68a35620f78d89ced", [:mix], [], "hexpm", "26549a1d6345e2172eb1c233866756ae44a9609bd33ee6f99147ab3fd87fd842"},
  "telemetry": {:hex, :telemetry, "1.2.1", "68fdfe8d8f05a8428483a97d7aab2f268aaff24b49e0f599faa091f1d4e7f61c", [:rebar3], [], "hexpm", "dad9ce9d8effc621708f99eac538ef1cbe05d6a874dd741de2e689c47feafed5"},
  "thousand_island": {:hex, :thousand_island, "0.6.4", "61dfcdeeadf3c21001833fdc49c29ce1d0a3c787623a9158a1721a3cabc212db", [:mix], [{:telemetry, "~> 0.4 or ~> 1.0", [hex: :telemetry, repo: "hexpm", optional: false]}], "hexpm", "95eb6e05c4838a2c18171801c62a6d9f122e757b1b2b6fc7fca89d2294f47271"},
  "uuid": {:hex, :uuid, "1.1.8", "e22fc04499de0de3ed1116b770c7737779f226ceefa0badb3592e64d5cfb4eb9", [:mix], [], "hexpm", "c790593b4c3b601f5dc2378baae7efaf5b3d73c4c6456ba85759905be792f2ac"},
  "websock": {:hex, :websock, "0.5.0", "f6bbce90226121d62a0715bca7c986c5e43de0ccc9475d79c55381d1796368cc", [:mix], [], "hexpm", "b51ac706df8a7a48a2c622ee02d09d68be8c40418698ffa909d73ae207eb5fb8"},
}
